
Microsoft Visual Studio Solution File, Format Version 12.00
# Visual Studio Version 16
VisualStudioVersion = 16.0.32228.343
MinimumVisualStudioVersion = 10.0.40219.1
Project("{FAE04EC0-301F-11D3-BF4B-00C04F79EFBC}") = "Reflection1", "Reflection1\Reflection1.csproj", "{DAD9AE1A-DF83-444B-A291-8437BCD5D684}"
EndProject
Global
	GlobalSection(SolutionConfigurationPlatforms) = preSolution
		Debug|Any CPU = Debug|Any CPU
		Release|Any CPU = Release|Any CPU
	EndGlobalSection
	GlobalSection(ProjectConfigurationPlatforms) = postSolution
		{DAD9AE1A-DF83-444B-A291-8437BCD5D684}.Debug|Any CPU.ActiveCfg = Debug|Any CPU
		{DAD9AE1A-DF83-444B-A291-8437BCD5D684}.Debug|Any CPU.Build.0 = Debug|Any CPU
		{DAD9AE1A-DF83-444B-A291-8437BCD5D684}.Release|Any CPU.ActiveCfg = Release|Any CPU
		{DAD9AE1A-DF83-444B-A291-8437BCD5D684}.Release|Any CPU.Build.0 = Release|Any CPU
	EndGlobalSection
	GlobalSection(SolutionProperties) = preSolution
		HideSolutionNode = FALSE
	EndGlobalSection
	GlobalSection(ExtensibilityGlobals) = postSolution
		SolutionGuid = {FDF7C5AE-1C88-40ED-9C3C-D25F70347E12}
	EndGlobalSection
EndGlobal
